
Microsoft Visual Studio Solution File, Format Version 12.00
# Visual Studio Version 16
VisualStudioVersion = 16.0.30406.217
MinimumVisualStudioVersion = 10.0.40219.1
Project("{9A19103F-16F7-4668-BE54-9A1E7A4F7556}") = "KGUWiki", "KGUWiki\KGUWiki.csproj", "{0F5579AB-F7D9-434E-99E7-928FB1598251}"
EndProject
Project("{FAE04EC0-301F-11D3-BF4B-00C04F79EFBC}") = "Unit.Tests", "Unit.Tests\Unit.Tests.csproj", "{D8399800-0CA1-497B-8D90-BD1327A0B8EB}"
EndProject
Global
	GlobalSection(SolutionConfigurationPlatforms) = preSolution
		Debug|Any CPU = Debug|Any CPU
		Release|Any CPU = Release|Any CPU
	EndGlobalSection
	GlobalSection(ProjectConfigurationPlatforms) = postSolution
		{0F5579AB-F7D9-434E-99E7-928FB1598251}.Debug|Any CPU.ActiveCfg = Debug|Any CPU
		{0F5579AB-F7D9-434E-99E7-928FB1598251}.Debug|Any CPU.Build.0 = Debug|Any CPU
		{0F5579AB-F7D9-434E-99E7-928FB1598251}.Release|Any CPU.ActiveCfg = Release|Any CPU
		{0F5579AB-F7D9-434E-99E7-928FB1598251}.Release|Any CPU.Build.0 = Release|Any CPU
		{D8399800-0CA1-497B-8D90-BD1327A0B8EB}.Debug|Any CPU.ActiveCfg = Debug|Any CPU
		{D8399800-0CA1-497B-8D90-BD1327A0B8EB}.Debug|Any CPU.Build.0 = Debug|Any CPU
		{D8399800-0CA1-497B-8D90-BD1327A0B8EB}.Release|Any CPU.ActiveCfg = Release|Any CPU
		{D8399800-0CA1-497B-8D90-BD1327A0B8EB}.Release|Any CPU.Build.0 = Release|Any CPU
	EndGlobalSection
	GlobalSection(SolutionProperties) = preSolution
		HideSolutionNode = FALSE
	EndGlobalSection
	GlobalSection(ExtensibilityGlobals) = postSolution
		SolutionGuid = {963FDBFC-C82A-4333-8028-BBDB96647775}
	EndGlobalSection
EndGlobal
